// !$*UTF8*$!
{
	archiveVersion = 1;
	classes = {
	};
	objectVersion = 46;
	objects = {

/* Begin PBXBuildFile section */
		C21789BC1E55D64500AF8BEE /* AppDelegate.m in Sources */ = {isa = PBXBuildFile; fileRef = C21789BB1E55D64500AF8BEE /* AppDelegate.m */; };
		C21789BF1E55D64500AF8BEE /* main.m in Sources */ = {isa = PBXBuildFile; fileRef = C21789BE1E55D64500AF8BEE /* main.m */; };
		C21789C21E55D64500AF8BEE /* ViewController.m in Sources */ = {isa = PBXBuildFile; fileRef = C21789C11E55D64500AF8BEE /* ViewController.m */; };
		C21789C41E55D64500AF8BEE /* Assets.xcassets in Resources */ = {isa = PBXBuildFile; fileRef = C21789C31E55D64500AF8BEE /* Assets.xcassets */; };
		C21789C71E55D64500AF8BEE /* Main.storyboard in Resources */ = {isa = PBXBuildFile; fileRef = C21789C51E55D64500AF8BEE /* Main.storyboard */; };
/* End PBXBuildFile section */

/* Begin PBXFileReference section */
		C21789B71E55D64500AF8BEE /* ZZUIHelper.app */ = {isa = PBXFileReference; explicitFileType = wrapper.application; includeInIndex = 0; path = ZZUIHelper.app; sourceTree = BUILT_PRODUCTS_DIR; };
		C21789BA1E55D64500AF8BEE /* AppDelegate.h */ = {isa = PBXFileReference; lastKnownFileType = sourcecode.c.h; path = AppDelegate.h; sourceTree = "<group>"; };
		C21789BB1E55D64500AF8BEE /* AppDelegate.m */ = {isa = PBXFileReference; lastKnownFileType = sourcecode.c.objc; path = AppDelegate.m; sourceTree = "<group>"; };
		C21789BE1E55D64500AF8BEE /* main.m */ = {isa = PBXFileReference; lastKnownFileType = sourcecode.c.objc; path = main.m; sourceTree = "<group>"; };
		C21789C01E55D64500AF8BEE /* ViewController.h */ = {isa = PBXFileReference; lastKnownFileType = sourcecode.c.h; path = ViewController.h; sourceTree = "<group>"; };
		C21789C11E55D64500AF8BEE /* ViewController.m */ = {isa = PBXFileReference; lastKnownFileType = sourcecode.c.objc; path = ViewController.m; sourceTree = "<group>"; };
		C21789C31E55D64500AF8BEE /* Assets.xcassets */ = {isa = PBXFileReference; lastKnownFileType = folder.assetcatalog; path = Assets.xcassets; sourceTree = "<group>"; };
		C21789C61E55D64500AF8BEE /* Base */ = {isa = PBXFileReference; lastKnownFileType = file.storyboard; name = Base; path = Base.lproj/Main.storyboard; sourceTree = "<group>"; };
		C21789C81E55D64500AF8BEE /* Info.plist */ = {isa = PBXFileReference; lastKnownFileType = text.plist.xml; path = Info.plist; sourceTree = "<group>"; };
/* End PBXFileReference section */

/* Begin PBXFrameworksBuildPhase section */
		C21789B41E55D64500AF8BEE /* Frameworks */ = {
			isa = PBXFrameworksBuildPhase;
			buildActionMask = 2147483647;
			files = (
			);
			runOnlyForDeploymentPostprocessing = 0;
		};
/* End PBXFrameworksBuildPhase section */

/* Begin PBXGroup section */
		C21789AE1E55D64500AF8BEE = {
			isa = PBXGroup;
			children = (
				C21789B91E55D64500AF8BEE /* ZZUIHelper */,
				C21789B81E55D64500AF8BEE /* Products */,
			);
			sourceTree = "<group>";
		};
		C21789B81E55D64500AF8BEE /* Products */ = {
			isa = PBXGroup;
			children = (
				C21789B71E55D64500AF8BEE /* ZZUIHelper.app */,
			);
			name = Products;
			sourceTree = "<group>";
		};
		C21789B91E55D64500AF8BEE /* ZZUIHelper */ = {
			isa = PBXGroup;
			children = (
				C21789BA1E55D64500AF8BEE /* AppDelegate.h */,
				C21789BB1E55D64500AF8BEE /* AppDelegate.m */,
				C21789C01E55D64500AF8BEE /* ViewController.h */,
				C21789C11E55D64500AF8BEE /* ViewController.m */,
				C21789C31E55D64500AF8BEE /* Assets.xcassets */,
				C21789C51E55D64500AF8BEE /* Main.storyboard */,
				C21789C81E55D64500AF8BEE /* Info.plist */,
				C21789BD1E55D64500AF8BEE /* Supporting Files */,
			);
			path = ZZUIHelper;
			sourceTree = "<group>";
		};
		C21789BD1E55D64500AF8BEE /* Supporting Files */ = {
			isa = PBXGroup;
			children = (
				C21789BE1E55D64500AF8BEE /* main.m */,
			);
			name = "Supporting Files";
			sourceTree = "<group>";
		};
/* End PBXGroup section */

/* Begin PBXNativeTarget section */
		C21789B61E55D64500AF8BEE /* ZZUIHelper */ = {
			isa = PBXNativeTarget;
			buildConfigurationList = C21789CB1E55D64500AF8BEE /* Build configuration list for PBXNativeTarget "ZZUIHelper" */;
			buildPhases = (
				C21789B31E55D64500AF8BEE /* Sources */,
				C21789B41E55D64500AF8BEE /* Frameworks */,
				C21789B51E55D64500AF8BEE /* Resources */,
			);
			buildRules = (
			);
			dependencies = (
			);
			name = ZZUIHelper;
			productName = ZZUIHelper;
			productReference = C21789B71E55D64500AF8BEE /* ZZUIHelper.app */;
			productType = "com.apple.product-type.application";
		};
/* End PBXNativeTarget section */

/* Begin PBXProject section */
		C21789AF1E55D64500AF8BEE /* Project object */ = {
			isa = PBXProject;
			attributes = {
				LastUpgradeCheck = 0820;
				ORGANIZATIONNAME = "李伯坤";
				TargetAttributes = {
					C21789B61E55D64500AF8BEE = {
						CreatedOnToolsVersion = 8.2.1;
						ProvisioningStyle = Automatic;
					};
				};
			};
			buildConfigurationList = C21789B21E55D64500AF8BEE /* Build configuration list for PBXProject "ZZUIHelper" */;
			compatibilityVersion = "Xcode 3.2";
			developmentRegion = English;
			hasScannedForEncodings = 0;
			knownRegions = (
				en,
				Base,
			);
			mainGroup = C21789AE1E55D64500AF8BEE;
			productRefGroup = C21789B81E55D64500AF8BEE /* Products */;
			projectDirPath = "";
			projectRoot = "";
			targets = (
				C21789B61E55D64500AF8BEE /* ZZUIHelper */,
			);
		};
/* End PBXProject section */

/* Begin PBXResourcesBuildPhase section */
		C21789B51E55D64500AF8BEE /* Resources */ = {
			isa = PBXResourcesBuildPhase;
			buildActionMask = 2147483647;
			files = (
				C21789C41E55D64500AF8BEE /* Assets.xcassets in Resources */,
				C21789C71E55D64500AF8BEE /* Main.storyboard in Resources */,
			);
			runOnlyForDeploymentPostprocessing = 0;
		};
/* End PBXResourcesBuildPhase section */

/* Begin PBXSourcesBuildPhase section */
		C21789B31E55D64500AF8BEE /* Sources */ = {
			isa = PBXSourcesBuildPhase;
			buildActionMask = 2147483647;
			files = (
				C21789C21E55D64500AF8BEE /* ViewController.m in Sources */,
				C21789BF1E55D64500AF8BEE /* main.m in Sources */,
				C21789BC1E55D64500AF8BEE /* AppDelegate.m in Sources */,
			);
			runOnlyForDeploymentPostprocessing = 0;
		};
/* End PBXSourcesBuildPhase section */

/* Begin PBXVariantGroup section */
		C21789C51E55D64500AF8BEE /* Main.storyboard */ = {
			isa = PBXVariantGroup;
			children = (
				C21789C61E55D64500AF8BEE /* Base */,
			);
			name = Main.storyboard;
			sourceTree = "<group>";
		};
/* End PBXVariantGroup section */

/* Begin XCBuildConfiguration section */
		C21789C91E55D64500AF8BEE /* Debug */ = {
			isa = XCBuildConfiguration;
			buildSettings = {
				ALWAYS_SEARCH_USER_PATHS = NO;
				CLANG_ANALYZER_NONNULL = YES;
				CLANG_CXX_LANGUAGE_STANDARD = "gnu++0x";
				CLANG_CXX_LIBRARY = "libc++";
				CLANG_ENABLE_MODULES = YES;
				CLANG_ENABLE_OBJC_ARC = YES;
				CLANG_WARN_BOOL_CONVERSION = YES;
				CLANG_WARN_CONSTANT_CONVERSION = YES;
				CLANG_WARN_DIRECT_OBJC_ISA_USAGE = YES_ERROR;
				CLANG_WARN_DOCUMENTATION_COMMENTS = YES;
				CLANG_WARN_EMPTY_BODY = YES;
				CLANG_WARN_ENUM_CONVERSION = YES;
				CLANG_WARN_INFINITE_RECURSION = YES;
				CLANG_WARN_INT_CONVERSION = YES;
				CLANG_WARN_OBJC_ROOT_CLASS = YES_ERROR;
				CLANG_WARN_SUSPICIOUS_MOVE = YES;
				CLANG_WARN_UNREACHABLE_CODE = YES;
				CLANG_WARN__DUPLICATE_METHOD_MATCH = YES;
				CODE_SIGN_IDENTITY = "-";
				COPY_PHASE_STRIP = NO;
				DEBUG_INFORMATION_FORMAT = dwarf;
				ENABLE_STRICT_OBJC_MSGSEND = YES;
				ENABLE_TESTABILITY = YES;
				GCC_C_LANGUAGE_STANDARD = gnu99;
				GCC_DYNAMIC_NO_PIC = NO;
				GCC_NO_COMMON_BLOCKS = YES;
				GCC_OPTIMIZATION_LEVEL = 0;
				GCC_PREPROCESSOR_DEFINITIONS = (
					"DEBUG=1",
					"$(inherited)",
				);
				GCC_WARN_64_TO_32_BIT_CONVERSION = YES;
				GCC_WARN_ABOUT_RETURN_TYPE = YES_ERROR;
				GCC_WARN_UNDECLARED_SELECTOR = YES;
				GCC_WARN_UNINITIALIZED_AUTOS = YES_AGGRESSIVE;
				GCC_WARN_UNUSED_FUNCTION = YES;
				GCC_WARN_UNUSED_VARIABLE = YES;
				MACOSX_DEPLOYMENT_TARGET = 10.12;
				MTL_ENABLE_DEBUG_INFO = YES;
				ONLY_ACTIVE_ARCH = YES;
				SDKROOT = macosx;
			};
			name = Debug;
		};
		C21789CA1E55D64500AF8BEE /* Release */ = {
			isa = XCBuildConfiguration;
			buildSettings = {
				ALWAYS_SEARCH_USER_PATHS = NO;
				CLANG_ANALYZER_NONNULL = YES;
				CLANG_CXX_LANGUAGE_STANDARD = "gnu++0x";
				CLANG_CXX_LIBRARY = "libc++";
				CLANG_ENABLE_MODULES = YES;
				CLANG_ENABLE_OBJC_ARC = YES;
				CLANG_WARN_BOOL_CONVERSION = YES;
				CLANG_WARN_CONSTANT_CONVERSION = YES;
				CLANG_WARN_DIRECT_OBJC_ISA_USAGE = YES_ERROR;
				CLANG_WARN_DOCUMENTATION_COMMENTS = YES;
				CLANG_WARN_EMPTY_BODY = YES;
				CLANG_WARN_ENUM_CONVERSION = YES;
				CLANG_WARN_INFINITE_RECURSION = YES;
				CLANG_WARN_INT_CONVERSION = YES;
				CLANG_WARN_OBJC_ROOT_CLASS = YES_ERROR;
				CLANG_WARN_SUSPICIOUS_MOVE = YES;
				CLANG_WARN_UNREACHABLE_CODE = YES;
				CLANG_WARN__DUPLICATE_METHOD_MATCH = YES;
				CODE_SIGN_IDENTITY = "-";
				COPY_PHASE_STRIP = NO;
				DEBUG_INFORMATION_FORMAT = "dwarf-with-dsym";
				ENABLE_NS_ASSERTIONS = NO;
				ENABLE_STRICT_OBJC_MSGSEND = YES;
				GCC_C_LANGUAGE_STANDARD = gnu99;
				GCC_NO_COMMON_BLOCKS = YES;
				GCC_WARN_64_TO_32_BIT_CONVERSION = YES;
				GCC_WARN_ABOUT_RETURN_TYPE = YES_ERROR;
				GCC_WARN_UNDECLARED_SELECTOR = YES;
				GCC_WARN_UNINITIALIZED_AUTOS = YES_AGGRESSIVE;
				GCC_WARN_UNUSED_FUNCTION = YES;
				GCC_WARN_UNUSED_VARIABLE = YES;
				MACOSX_DEPLOYMENT_TARGET = 10.12;
				MTL_ENABLE_DEBUG_INFO = NO;
				SDKROOT = macosx;
			};
			name = Release;
		};
		C21789CC1E55D64500AF8BEE /* Debug */ = {
			isa = XCBuildConfiguration;
			buildSettings = {
				ASSETCATALOG_COMPILER_APPICON_NAME = AppIcon;
				COMBINE_HIDPI_IMAGES = YES;
				INFOPLIST_FILE = ZZUIHelper/Info.plist;
				LD_RUNPATH_SEARCH_PATHS = "$(inherited) @executable_path/../Frameworks";
				PRODUCT_BUNDLE_IDENTIFIER = com.58ganji.ZZUIHelper;
				PRODUCT_NAME = "$(TARGET_NAME)";
			};
			name = Debug;
		};
		C21789CD1E55D64500AF8BEE /* Release */ = {
			isa = XCBuildConfiguration;
			buildSettings = {
				ASSETCATALOG_COMPILER_APPICON_NAME = AppIcon;
				COMBINE_HIDPI_IMAGES = YES;
				INFOPLIST_FILE = ZZUIHelper/Info.plist;
				LD_RUNPATH_SEARCH_PATHS = "$(inherited) @executable_path/../Frameworks";
				PRODUCT_BUNDLE_IDENTIFIER = com.58ganji.ZZUIHelper;
				PRODUCT_NAME = "$(TARGET_NAME)";
			};
			name = Release;
		};
/* End XCBuildConfiguration section */

/* Begin XCConfigurationList section */
		C21789B21E55D64500AF8BEE /* Build configuration list for PBXProject "ZZUIHelper" */ = {
			isa = XCConfigurationList;
			buildConfigurations = (
				C21789C91E55D64500AF8BEE /* Debug */,
				C21789CA1E55D64500AF8BEE /* Release */,
			);
			defaultConfigurationIsVisible = 0;
			defaultConfigurationName = Release;
		};
		C21789CB1E55D64500AF8BEE /* Build configuration list for PBXNativeTarget "ZZUIHelper" */ = {
			isa = XCConfigurationList;
			buildConfigurations = (
				C21789CC1E55D64500AF8BEE /* Debug */,
				C21789CD1E55D64500AF8BEE /* Release */,
			);
			defaultConfigurationIsVisible = 0;
		};
/* End XCConfigurationList section */
	};
	rootObject = C21789AF1E55D64500AF8BEE /* Project object */;
}
