// !$*UTF8*$!
{
	archiveVersion = 1;
	classes = {
	};
	objectVersion = 46;
	objects = {

/* Begin PBXBuildFile section */
		C21789BC1E55D64500AF8BEE /* AppDelegate.m in Sources */ = {isa = PBXBuildFile; fileRef = C21789BB1E55D64500AF8BEE /* AppDelegate.m */; };
		C21789BF1E55D64500AF8BEE /* main.m in Sources */ = {isa = PBXBuildFile; fileRef = C21789BE1E55D64500AF8BEE /* main.m */; };
		C21789C41E55D64500AF8BEE /* Assets.xcassets in Resources */ = {isa = PBXBuildFile; fileRef = C21789C31E55D64500AF8BEE /* Assets.xcassets */; };
		C21789C71E55D64500AF8BEE /* Main.storyboard in Resources */ = {isa = PBXBuildFile; fileRef = C21789C51E55D64500AF8BEE /* Main.storyboard */; };
		C2223A0B1E5875F8002CB428 /* ZZCodeAreaViewController.m in Sources */ = {isa = PBXBuildFile; fileRef = C2223A0A1E5875F8002CB428 /* ZZCodeAreaViewController.m */; };
		C2223A101E5876B1002CB428 /* ZZMainViewController.m in Sources */ = {isa = PBXBuildFile; fileRef = C2223A0F1E5876B1002CB428 /* ZZMainViewController.m */; };
		C2A10C1C1E59614B000960D9 /* ZZUIHelperConfig.m in Sources */ = {isa = PBXBuildFile; fileRef = C2A10C1B1E59614B000960D9 /* ZZUIHelperConfig.m */; };
		C2A10C461E5A0D6B000960D9 /* ZZClassHelper.m in Sources */ = {isa = PBXBuildFile; fileRef = C2A10C451E5A0D6B000960D9 /* ZZClassHelper.m */; };
		C2A10C4A1E5A0E79000960D9 /* ZZElementAreaViewController.m in Sources */ = {isa = PBXBuildFile; fileRef = C2A10C491E5A0E79000960D9 /* ZZElementAreaViewController.m */; };
		C2A10C4F1E5A1597000960D9 /* ZZControlAreaViewController.m in Sources */ = {isa = PBXBuildFile; fileRef = C2A10C4E1E5A1597000960D9 /* ZZControlAreaViewController.m */; };
		C2A10C521E5A161A000960D9 /* ZZControlHelper.m in Sources */ = {isa = PBXBuildFile; fileRef = C2A10C511E5A161A000960D9 /* ZZControlHelper.m */; };
		C2A10C611E5A22BA000960D9 /* ZZControlItem.m in Sources */ = {isa = PBXBuildFile; fileRef = C2A10C5F1E5A22BA000960D9 /* ZZControlItem.m */; };
		C2A10C641E5A2A4A000960D9 /* ZZControlItem.xib in Resources */ = {isa = PBXBuildFile; fileRef = C2A10C631E5A2A4A000960D9 /* ZZControlItem.xib */; };
		C2A10C801E5A41E6000960D9 /* ZZWindowController.m in Sources */ = {isa = PBXBuildFile; fileRef = C2A10C7F1E5A41E6000960D9 /* ZZWindowController.m */; };
		C2A10CA11E5AE12D000960D9 /* ZZSettingViewController.m in Sources */ = {isa = PBXBuildFile; fileRef = C2A10CA01E5AE12D000960D9 /* ZZSettingViewController.m */; };
		C2A10CB11E5AEF0B000960D9 /* ZZNewPropertyViewController.m in Sources */ = {isa = PBXBuildFile; fileRef = C2A10CAF1E5AEF0B000960D9 /* ZZNewPropertyViewController.m */; };
		C2A10CB21E5AEF0B000960D9 /* ZZNewPropertyViewController.xib in Resources */ = {isa = PBXBuildFile; fileRef = C2A10CB01E5AEF0B000960D9 /* ZZNewPropertyViewController.xib */; };
		C2A10CB71E5AEF39000960D9 /* ZZNewFileViewController.m in Sources */ = {isa = PBXBuildFile; fileRef = C2A10CB51E5AEF39000960D9 /* ZZNewFileViewController.m */; };
		C2A10CB81E5AEF39000960D9 /* ZZNewFileViewController.xib in Resources */ = {isa = PBXBuildFile; fileRef = C2A10CB61E5AEF39000960D9 /* ZZNewFileViewController.xib */; };
		C2D6CA211E5BE12700EEF76B /* NSDate+Extension.m in Sources */ = {isa = PBXBuildFile; fileRef = C2D6CA011E5BE12700EEF76B /* NSDate+Extension.m */; };
		C2D6CA221E5BE12700EEF76B /* NSString+MMBJ.m in Sources */ = {isa = PBXBuildFile; fileRef = C2D6CA031E5BE12700EEF76B /* NSString+MMBJ.m */; };
		C2D6CA231E5BE12700EEF76B /* LICENSE in Resources */ = {isa = PBXBuildFile; fileRef = C2D6CA051E5BE12700EEF76B /* LICENSE */; };
		C2D6CA241E5BE12700EEF76B /* MASCompositeConstraint.m in Sources */ = {isa = PBXBuildFile; fileRef = C2D6CA081E5BE12700EEF76B /* MASCompositeConstraint.m */; };
		C2D6CA251E5BE12700EEF76B /* MASConstraint.m in Sources */ = {isa = PBXBuildFile; fileRef = C2D6CA0B1E5BE12700EEF76B /* MASConstraint.m */; };
		C2D6CA261E5BE12700EEF76B /* MASConstraintMaker.m in Sources */ = {isa = PBXBuildFile; fileRef = C2D6CA0D1E5BE12700EEF76B /* MASConstraintMaker.m */; };
		C2D6CA271E5BE12700EEF76B /* MASLayoutConstraint.m in Sources */ = {isa = PBXBuildFile; fileRef = C2D6CA0F1E5BE12700EEF76B /* MASLayoutConstraint.m */; };
		C2D6CA281E5BE12700EEF76B /* MASViewAttribute.m in Sources */ = {isa = PBXBuildFile; fileRef = C2D6CA131E5BE12700EEF76B /* MASViewAttribute.m */; };
		C2D6CA291E5BE12700EEF76B /* MASViewConstraint.m in Sources */ = {isa = PBXBuildFile; fileRef = C2D6CA151E5BE12700EEF76B /* MASViewConstraint.m */; };
		C2D6CA2A1E5BE12700EEF76B /* NSArray+MASAdditions.m in Sources */ = {isa = PBXBuildFile; fileRef = C2D6CA171E5BE12700EEF76B /* NSArray+MASAdditions.m */; };
		C2D6CA2B1E5BE12700EEF76B /* NSLayoutConstraint+MASDebugAdditions.m in Sources */ = {isa = PBXBuildFile; fileRef = C2D6CA1A1E5BE12700EEF76B /* NSLayoutConstraint+MASDebugAdditions.m */; };
		C2D6CA2C1E5BE12700EEF76B /* View+MASAdditions.m in Sources */ = {isa = PBXBuildFile; fileRef = C2D6CA1C1E5BE12700EEF76B /* View+MASAdditions.m */; };
		C2D6CA2D1E5BE12700EEF76B /* ViewController+MASAdditions.m in Sources */ = {isa = PBXBuildFile; fileRef = C2D6CA1F1E5BE12700EEF76B /* ViewController+MASAdditions.m */; };
		C2D6CA2E1E5BE12700EEF76B /* README.md in Sources */ = {isa = PBXBuildFile; fileRef = C2D6CA201E5BE12700EEF76B /* README.md */; };
		C2D6CA771E5BE14E00EEF76B /* ZZNSMutableArray.m in Sources */ = {isa = PBXBuildFile; fileRef = C2D6CA331E5BE14E00EEF76B /* ZZNSMutableArray.m */; };
		C2D6CA781E5BE14E00EEF76B /* ZZNSObject.m in Sources */ = {isa = PBXBuildFile; fileRef = C2D6CA361E5BE14E00EEF76B /* ZZNSObject.m */; };
		C2D6CA791E5BE14E00EEF76B /* ZZProtocol.m in Sources */ = {isa = PBXBuildFile; fileRef = C2D6CA391E5BE14E00EEF76B /* ZZProtocol.m */; };
		C2D6CA7A1E5BE14E00EEF76B /* ZZUIViewController.m in Sources */ = {isa = PBXBuildFile; fileRef = C2D6CA3E1E5BE14E00EEF76B /* ZZUIViewController.m */; };
		C2D6CA7B1E5BE14E00EEF76B /* ZZUIButton.m in Sources */ = {isa = PBXBuildFile; fileRef = C2D6CA421E5BE14E00EEF76B /* ZZUIButton.m */; };
		C2D6CA7C1E5BE14E00EEF76B /* ZZUICollectionView.m in Sources */ = {isa = PBXBuildFile; fileRef = C2D6CA451E5BE14E00EEF76B /* ZZUICollectionView.m */; };
		C2D6CA7D1E5BE14E00EEF76B /* ZZUICollectionViewDataSource.m in Sources */ = {isa = PBXBuildFile; fileRef = C2D6CA471E5BE14E00EEF76B /* ZZUICollectionViewDataSource.m */; };
		C2D6CA7E1E5BE14E00EEF76B /* ZZUICollectionViewDelegate.m in Sources */ = {isa = PBXBuildFile; fileRef = C2D6CA491E5BE14E00EEF76B /* ZZUICollectionViewDelegate.m */; };
		C2D6CA7F1E5BE14E00EEF76B /* ZZUICollectionViewCell.m in Sources */ = {isa = PBXBuildFile; fileRef = C2D6CA4C1E5BE14E00EEF76B /* ZZUICollectionViewCell.m */; };
		C2D6CA801E5BE14E00EEF76B /* ZZUIControl.m in Sources */ = {isa = PBXBuildFile; fileRef = C2D6CA4F1E5BE14E00EEF76B /* ZZUIControl.m */; };
		C2D6CA811E5BE14E00EEF76B /* ZZUIImageView.m in Sources */ = {isa = PBXBuildFile; fileRef = C2D6CA521E5BE14E00EEF76B /* ZZUIImageView.m */; };
		C2D6CA821E5BE14E00EEF76B /* ZZUILabel.m in Sources */ = {isa = PBXBuildFile; fileRef = C2D6CA551E5BE14E00EEF76B /* ZZUILabel.m */; };
		C2D6CA831E5BE14E00EEF76B /* ZZUIResponder.m in Sources */ = {isa = PBXBuildFile; fileRef = C2D6CA581E5BE14E00EEF76B /* ZZUIResponder.m */; };
		C2D6CA841E5BE14E00EEF76B /* ZZUIScrollView.m in Sources */ = {isa = PBXBuildFile; fileRef = C2D6CA5B1E5BE14E00EEF76B /* ZZUIScrollView.m */; };
		C2D6CA851E5BE14E00EEF76B /* ZZUIScrollViewDelegate.m in Sources */ = {isa = PBXBuildFile; fileRef = C2D6CA5D1E5BE14E00EEF76B /* ZZUIScrollViewDelegate.m */; };
		C2D6CA861E5BE14E00EEF76B /* ZZUISwitch.m in Sources */ = {isa = PBXBuildFile; fileRef = C2D6CA601E5BE14E00EEF76B /* ZZUISwitch.m */; };
		C2D6CA871E5BE14E00EEF76B /* ZZUITableView.m in Sources */ = {isa = PBXBuildFile; fileRef = C2D6CA631E5BE14E00EEF76B /* ZZUITableView.m */; };
		C2D6CA881E5BE14E00EEF76B /* ZZUITableViewDataSource.m in Sources */ = {isa = PBXBuildFile; fileRef = C2D6CA651E5BE14E00EEF76B /* ZZUITableViewDataSource.m */; };
		C2D6CA891E5BE14E00EEF76B /* ZZUITableViewDelegate.m in Sources */ = {isa = PBXBuildFile; fileRef = C2D6CA671E5BE14E00EEF76B /* ZZUITableViewDelegate.m */; };
		C2D6CA8A1E5BE14E00EEF76B /* ZZUITableViewCell.m in Sources */ = {isa = PBXBuildFile; fileRef = C2D6CA6A1E5BE14E00EEF76B /* ZZUITableViewCell.m */; };
		C2D6CA8B1E5BE14E00EEF76B /* ZZUITextField.m in Sources */ = {isa = PBXBuildFile; fileRef = C2D6CA6D1E5BE14E00EEF76B /* ZZUITextField.m */; };
		C2D6CA8C1E5BE14E00EEF76B /* ZZUITextView.m in Sources */ = {isa = PBXBuildFile; fileRef = C2D6CA701E5BE14E00EEF76B /* ZZUITextView.m */; };
		C2D6CA8D1E5BE14E00EEF76B /* ZZUIView.m in Sources */ = {isa = PBXBuildFile; fileRef = C2D6CA731E5BE14E00EEF76B /* ZZUIView.m */; };
/* End PBXBuildFile section */

/* Begin PBXFileReference section */
		C21789B71E55D64500AF8BEE /* ZZUIHelper.app */ = {isa = PBXFileReference; explicitFileType = wrapper.application; includeInIndex = 0; path = ZZUIHelper.app; sourceTree = BUILT_PRODUCTS_DIR; };
		C21789BA1E55D64500AF8BEE /* AppDelegate.h */ = {isa = PBXFileReference; lastKnownFileType = sourcecode.c.h; path = AppDelegate.h; sourceTree = "<group>"; };
		C21789BB1E55D64500AF8BEE /* AppDelegate.m */ = {isa = PBXFileReference; lastKnownFileType = sourcecode.c.objc; path = AppDelegate.m; sourceTree = "<group>"; };
		C21789BE1E55D64500AF8BEE /* main.m */ = {isa = PBXFileReference; lastKnownFileType = sourcecode.c.objc; path = main.m; sourceTree = "<group>"; };
		C21789C31E55D64500AF8BEE /* Assets.xcassets */ = {isa = PBXFileReference; lastKnownFileType = folder.assetcatalog; path = Assets.xcassets; sourceTree = "<group>"; };
		C21789C61E55D64500AF8BEE /* Base */ = {isa = PBXFileReference; lastKnownFileType = file.storyboard; name = Base; path = Base.lproj/Main.storyboard; sourceTree = "<group>"; };
		C21789C81E55D64500AF8BEE /* Info.plist */ = {isa = PBXFileReference; lastKnownFileType = text.plist.xml; path = Info.plist; sourceTree = "<group>"; };
		C2223A091E5875F8002CB428 /* ZZCodeAreaViewController.h */ = {isa = PBXFileReference; fileEncoding = 4; lastKnownFileType = sourcecode.c.h; path = ZZCodeAreaViewController.h; sourceTree = "<group>"; };
		C2223A0A1E5875F8002CB428 /* ZZCodeAreaViewController.m */ = {isa = PBXFileReference; fileEncoding = 4; lastKnownFileType = sourcecode.c.objc; path = ZZCodeAreaViewController.m; sourceTree = "<group>"; };
		C2223A0E1E5876B1002CB428 /* ZZMainViewController.h */ = {isa = PBXFileReference; fileEncoding = 4; lastKnownFileType = sourcecode.c.h; path = ZZMainViewController.h; sourceTree = "<group>"; };
		C2223A0F1E5876B1002CB428 /* ZZMainViewController.m */ = {isa = PBXFileReference; fileEncoding = 4; lastKnownFileType = sourcecode.c.objc; path = ZZMainViewController.m; sourceTree = "<group>"; };
		C2A10C1A1E59614B000960D9 /* ZZUIHelperConfig.h */ = {isa = PBXFileReference; fileEncoding = 4; lastKnownFileType = sourcecode.c.h; path = ZZUIHelperConfig.h; sourceTree = "<group>"; };
		C2A10C1B1E59614B000960D9 /* ZZUIHelperConfig.m */ = {isa = PBXFileReference; fileEncoding = 4; lastKnownFileType = sourcecode.c.objc; path = ZZUIHelperConfig.m; sourceTree = "<group>"; };
		C2A10C1D1E596210000960D9 /* ZZPrefixHeader.pch */ = {isa = PBXFileReference; lastKnownFileType = sourcecode.c.h; path = ZZPrefixHeader.pch; sourceTree = "<group>"; };
		C2A10C251E59A919000960D9 /* ZZMacros.h */ = {isa = PBXFileReference; lastKnownFileType = sourcecode.c.h; path = ZZMacros.h; sourceTree = "<group>"; };
		C2A10C441E5A0D6B000960D9 /* ZZClassHelper.h */ = {isa = PBXFileReference; fileEncoding = 4; lastKnownFileType = sourcecode.c.h; path = ZZClassHelper.h; sourceTree = "<group>"; };
		C2A10C451E5A0D6B000960D9 /* ZZClassHelper.m */ = {isa = PBXFileReference; fileEncoding = 4; lastKnownFileType = sourcecode.c.objc; path = ZZClassHelper.m; sourceTree = "<group>"; };
		C2A10C481E5A0E79000960D9 /* ZZElementAreaViewController.h */ = {isa = PBXFileReference; fileEncoding = 4; lastKnownFileType = sourcecode.c.h; path = ZZElementAreaViewController.h; sourceTree = "<group>"; };
		C2A10C491E5A0E79000960D9 /* ZZElementAreaViewController.m */ = {isa = PBXFileReference; fileEncoding = 4; lastKnownFileType = sourcecode.c.objc; path = ZZElementAreaViewController.m; sourceTree = "<group>"; };
		C2A10C4B1E5A1400000960D9 /* ZZNotificationKey.h */ = {isa = PBXFileReference; lastKnownFileType = sourcecode.c.h; path = ZZNotificationKey.h; sourceTree = "<group>"; };
		C2A10C4D1E5A1597000960D9 /* ZZControlAreaViewController.h */ = {isa = PBXFileReference; fileEncoding = 4; lastKnownFileType = sourcecode.c.h; path = ZZControlAreaViewController.h; sourceTree = "<group>"; };
		C2A10C4E1E5A1597000960D9 /* ZZControlAreaViewController.m */ = {isa = PBXFileReference; fileEncoding = 4; lastKnownFileType = sourcecode.c.objc; path = ZZControlAreaViewController.m; sourceTree = "<group>"; };
		C2A10C501E5A161A000960D9 /* ZZControlHelper.h */ = {isa = PBXFileReference; fileEncoding = 4; lastKnownFileType = sourcecode.c.h; path = ZZControlHelper.h; sourceTree = "<group>"; };
		C2A10C511E5A161A000960D9 /* ZZControlHelper.m */ = {isa = PBXFileReference; fileEncoding = 4; lastKnownFileType = sourcecode.c.objc; path = ZZControlHelper.m; sourceTree = "<group>"; };
		C2A10C5E1E5A22BA000960D9 /* ZZControlItem.h */ = {isa = PBXFileReference; fileEncoding = 4; lastKnownFileType = sourcecode.c.h; path = ZZControlItem.h; sourceTree = "<group>"; };
		C2A10C5F1E5A22BA000960D9 /* ZZControlItem.m */ = {isa = PBXFileReference; fileEncoding = 4; lastKnownFileType = sourcecode.c.objc; path = ZZControlItem.m; sourceTree = "<group>"; };
		C2A10C631E5A2A4A000960D9 /* ZZControlItem.xib */ = {isa = PBXFileReference; fileEncoding = 4; lastKnownFileType = file.xib; path = ZZControlItem.xib; sourceTree = "<group>"; };
		C2A10C7E1E5A41E6000960D9 /* ZZWindowController.h */ = {isa = PBXFileReference; fileEncoding = 4; lastKnownFileType = sourcecode.c.h; path = ZZWindowController.h; sourceTree = "<group>"; };
		C2A10C7F1E5A41E6000960D9 /* ZZWindowController.m */ = {isa = PBXFileReference; fileEncoding = 4; lastKnownFileType = sourcecode.c.objc; path = ZZWindowController.m; sourceTree = "<group>"; };
		C2A10C9F1E5AE12D000960D9 /* ZZSettingViewController.h */ = {isa = PBXFileReference; fileEncoding = 4; lastKnownFileType = sourcecode.c.h; path = ZZSettingViewController.h; sourceTree = "<group>"; };
		C2A10CA01E5AE12D000960D9 /* ZZSettingViewController.m */ = {isa = PBXFileReference; fileEncoding = 4; lastKnownFileType = sourcecode.c.objc; path = ZZSettingViewController.m; sourceTree = "<group>"; };
		C2A10CAE1E5AEF0B000960D9 /* ZZNewPropertyViewController.h */ = {isa = PBXFileReference; fileEncoding = 4; lastKnownFileType = sourcecode.c.h; path = ZZNewPropertyViewController.h; sourceTree = "<group>"; };
		C2A10CAF1E5AEF0B000960D9 /* ZZNewPropertyViewController.m */ = {isa = PBXFileReference; fileEncoding = 4; lastKnownFileType = sourcecode.c.objc; path = ZZNewPropertyViewController.m; sourceTree = "<group>"; };
		C2A10CB01E5AEF0B000960D9 /* ZZNewPropertyViewController.xib */ = {isa = PBXFileReference; fileEncoding = 4; lastKnownFileType = file.xib; path = ZZNewPropertyViewController.xib; sourceTree = "<group>"; };
		C2A10CB41E5AEF39000960D9 /* ZZNewFileViewController.h */ = {isa = PBXFileReference; fileEncoding = 4; lastKnownFileType = sourcecode.c.h; path = ZZNewFileViewController.h; sourceTree = "<group>"; };
		C2A10CB51E5AEF39000960D9 /* ZZNewFileViewController.m */ = {isa = PBXFileReference; fileEncoding = 4; lastKnownFileType = sourcecode.c.objc; path = ZZNewFileViewController.m; sourceTree = "<group>"; };
		C2A10CB61E5AEF39000960D9 /* ZZNewFileViewController.xib */ = {isa = PBXFileReference; fileEncoding = 4; lastKnownFileType = file.xib; path = ZZNewFileViewController.xib; sourceTree = "<group>"; };
		C2D6CA001E5BE12700EEF76B /* NSDate+Extension.h */ = {isa = PBXFileReference; fileEncoding = 4; lastKnownFileType = sourcecode.c.h; path = "NSDate+Extension.h"; sourceTree = "<group>"; };
		C2D6CA011E5BE12700EEF76B /* NSDate+Extension.m */ = {isa = PBXFileReference; fileEncoding = 4; lastKnownFileType = sourcecode.c.objc; path = "NSDate+Extension.m"; sourceTree = "<group>"; };
		C2D6CA021E5BE12700EEF76B /* NSString+MMBJ.h */ = {isa = PBXFileReference; fileEncoding = 4; lastKnownFileType = sourcecode.c.h; path = "NSString+MMBJ.h"; sourceTree = "<group>"; };
		C2D6CA031E5BE12700EEF76B /* NSString+MMBJ.m */ = {isa = PBXFileReference; fileEncoding = 4; lastKnownFileType = sourcecode.c.objc; path = "NSString+MMBJ.m"; sourceTree = "<group>"; };
		C2D6CA051E5BE12700EEF76B /* LICENSE */ = {isa = PBXFileReference; fileEncoding = 4; lastKnownFileType = text; path = LICENSE; sourceTree = "<group>"; };
		C2D6CA071E5BE12700EEF76B /* MASCompositeConstraint.h */ = {isa = PBXFileReference; fileEncoding = 4; lastKnownFileType = sourcecode.c.h; path = MASCompositeConstraint.h; sourceTree = "<group>"; };
		C2D6CA081E5BE12700EEF76B /* MASCompositeConstraint.m */ = {isa = PBXFileReference; fileEncoding = 4; lastKnownFileType = sourcecode.c.objc; path = MASCompositeConstraint.m; sourceTree = "<group>"; };
		C2D6CA091E5BE12700EEF76B /* MASConstraint+Private.h */ = {isa = PBXFileReference; fileEncoding = 4; lastKnownFileType = sourcecode.c.h; path = "MASConstraint+Private.h"; sourceTree = "<group>"; };
		C2D6CA0A1E5BE12700EEF76B /* MASConstraint.h */ = {isa = PBXFileReference; fileEncoding = 4; lastKnownFileType = sourcecode.c.h; path = MASConstraint.h; sourceTree = "<group>"; };
		C2D6CA0B1E5BE12700EEF76B /* MASConstraint.m */ = {isa = PBXFileReference; fileEncoding = 4; lastKnownFileType = sourcecode.c.objc; path = MASConstraint.m; sourceTree = "<group>"; };
		C2D6CA0C1E5BE12700EEF76B /* MASConstraintMaker.h */ = {isa = PBXFileReference; fileEncoding = 4; lastKnownFileType = sourcecode.c.h; path = MASConstraintMaker.h; sourceTree = "<group>"; };
		C2D6CA0D1E5BE12700EEF76B /* MASConstraintMaker.m */ = {isa = PBXFileReference; fileEncoding = 4; lastKnownFileType = sourcecode.c.objc; path = MASConstraintMaker.m; sourceTree = "<group>"; };
		C2D6CA0E1E5BE12700EEF76B /* MASLayoutConstraint.h */ = {isa = PBXFileReference; fileEncoding = 4; lastKnownFileType = sourcecode.c.h; path = MASLayoutConstraint.h; sourceTree = "<group>"; };
		C2D6CA0F1E5BE12700EEF76B /* MASLayoutConstraint.m */ = {isa = PBXFileReference; fileEncoding = 4; lastKnownFileType = sourcecode.c.objc; path = MASLayoutConstraint.m; sourceTree = "<group>"; };
		C2D6CA101E5BE12700EEF76B /* Masonry.h */ = {isa = PBXFileReference; fileEncoding = 4; lastKnownFileType = sourcecode.c.h; path = Masonry.h; sourceTree = "<group>"; };
		C2D6CA111E5BE12700EEF76B /* MASUtilities.h */ = {isa = PBXFileReference; fileEncoding = 4; lastKnownFileType = sourcecode.c.h; path = MASUtilities.h; sourceTree = "<group>"; };
		C2D6CA121E5BE12700EEF76B /* MASViewAttribute.h */ = {isa = PBXFileReference; fileEncoding = 4; lastKnownFileType = sourcecode.c.h; path = MASViewAttribute.h; sourceTree = "<group>"; };
		C2D6CA131E5BE12700EEF76B /* MASViewAttribute.m */ = {isa = PBXFileReference; fileEncoding = 4; lastKnownFileType = sourcecode.c.objc; path = MASViewAttribute.m; sourceTree = "<group>"; };
		C2D6CA141E5BE12700EEF76B /* MASViewConstraint.h */ = {isa = PBXFileReference; fileEncoding = 4; lastKnownFileType = sourcecode.c.h; path = MASViewConstraint.h; sourceTree = "<group>"; };
		C2D6CA151E5BE12700EEF76B /* MASViewConstraint.m */ = {isa = PBXFileReference; fileEncoding = 4; lastKnownFileType = sourcecode.c.objc; path = MASViewConstraint.m; sourceTree = "<group>"; };
		C2D6CA161E5BE12700EEF76B /* NSArray+MASAdditions.h */ = {isa = PBXFileReference; fileEncoding = 4; lastKnownFileType = sourcecode.c.h; path = "NSArray+MASAdditions.h"; sourceTree = "<group>"; };
		C2D6CA171E5BE12700EEF76B /* NSArray+MASAdditions.m */ = {isa = PBXFileReference; fileEncoding = 4; lastKnownFileType = sourcecode.c.objc; path = "NSArray+MASAdditions.m"; sourceTree = "<group>"; };
		C2D6CA181E5BE12700EEF76B /* NSArray+MASShorthandAdditions.h */ = {isa = PBXFileReference; fileEncoding = 4; lastKnownFileType = sourcecode.c.h; path = "NSArray+MASShorthandAdditions.h"; sourceTree = "<group>"; };
		C2D6CA191E5BE12700EEF76B /* NSLayoutConstraint+MASDebugAdditions.h */ = {isa = PBXFileReference; fileEncoding = 4; lastKnownFileType = sourcecode.c.h; path = "NSLayoutConstraint+MASDebugAdditions.h"; sourceTree = "<group>"; };
		C2D6CA1A1E5BE12700EEF76B /* NSLayoutConstraint+MASDebugAdditions.m */ = {isa = PBXFileReference; fileEncoding = 4; lastKnownFileType = sourcecode.c.objc; path = "NSLayoutConstraint+MASDebugAdditions.m"; sourceTree = "<group>"; };
		C2D6CA1B1E5BE12700EEF76B /* View+MASAdditions.h */ = {isa = PBXFileReference; fileEncoding = 4; lastKnownFileType = sourcecode.c.h; path = "View+MASAdditions.h"; sourceTree = "<group>"; };
		C2D6CA1C1E5BE12700EEF76B /* View+MASAdditions.m */ = {isa = PBXFileReference; fileEncoding = 4; lastKnownFileType = sourcecode.c.objc; path = "View+MASAdditions.m"; sourceTree = "<group>"; };
		C2D6CA1D1E5BE12700EEF76B /* View+MASShorthandAdditions.h */ = {isa = PBXFileReference; fileEncoding = 4; lastKnownFileType = sourcecode.c.h; path = "View+MASShorthandAdditions.h"; sourceTree = "<group>"; };
		C2D6CA1E1E5BE12700EEF76B /* ViewController+MASAdditions.h */ = {isa = PBXFileReference; fileEncoding = 4; lastKnownFileType = sourcecode.c.h; path = "ViewController+MASAdditions.h"; sourceTree = "<group>"; };
		C2D6CA1F1E5BE12700EEF76B /* ViewController+MASAdditions.m */ = {isa = PBXFileReference; fileEncoding = 4; lastKnownFileType = sourcecode.c.objc; path = "ViewController+MASAdditions.m"; sourceTree = "<group>"; };
		C2D6CA201E5BE12700EEF76B /* README.md */ = {isa = PBXFileReference; fileEncoding = 4; lastKnownFileType = net.daringfireball.markdown; path = README.md; sourceTree = "<group>"; };
		C2D6CA321E5BE14E00EEF76B /* ZZNSMutableArray.h */ = {isa = PBXFileReference; fileEncoding = 4; lastKnownFileType = sourcecode.c.h; path = ZZNSMutableArray.h; sourceTree = "<group>"; };
		C2D6CA331E5BE14E00EEF76B /* ZZNSMutableArray.m */ = {isa = PBXFileReference; fileEncoding = 4; lastKnownFileType = sourcecode.c.objc; path = ZZNSMutableArray.m; sourceTree = "<group>"; };
		C2D6CA351E5BE14E00EEF76B /* ZZNSObject.h */ = {isa = PBXFileReference; fileEncoding = 4; lastKnownFileType = sourcecode.c.h; path = ZZNSObject.h; sourceTree = "<group>"; };
		C2D6CA361E5BE14E00EEF76B /* ZZNSObject.m */ = {isa = PBXFileReference; fileEncoding = 4; lastKnownFileType = sourcecode.c.objc; path = ZZNSObject.m; sourceTree = "<group>"; };
		C2D6CA381E5BE14E00EEF76B /* ZZProtocol.h */ = {isa = PBXFileReference; fileEncoding = 4; lastKnownFileType = sourcecode.c.h; path = ZZProtocol.h; sourceTree = "<group>"; };
		C2D6CA391E5BE14E00EEF76B /* ZZProtocol.m */ = {isa = PBXFileReference; fileEncoding = 4; lastKnownFileType = sourcecode.c.objc; path = ZZProtocol.m; sourceTree = "<group>"; };
		C2D6CA3D1E5BE14E00EEF76B /* ZZUIViewController.h */ = {isa = PBXFileReference; fileEncoding = 4; lastKnownFileType = sourcecode.c.h; path = ZZUIViewController.h; sourceTree = "<group>"; };
		C2D6CA3E1E5BE14E00EEF76B /* ZZUIViewController.m */ = {isa = PBXFileReference; fileEncoding = 4; lastKnownFileType = sourcecode.c.objc; path = ZZUIViewController.m; sourceTree = "<group>"; };
		C2D6CA411E5BE14E00EEF76B /* ZZUIButton.h */ = {isa = PBXFileReference; fileEncoding = 4; lastKnownFileType = sourcecode.c.h; path = ZZUIButton.h; sourceTree = "<group>"; };
		C2D6CA421E5BE14E00EEF76B /* ZZUIButton.m */ = {isa = PBXFileReference; fileEncoding = 4; lastKnownFileType = sourcecode.c.objc; path = ZZUIButton.m; sourceTree = "<group>"; };
		C2D6CA441E5BE14E00EEF76B /* ZZUICollectionView.h */ = {isa = PBXFileReference; fileEncoding = 4; lastKnownFileType = sourcecode.c.h; path = ZZUICollectionView.h; sourceTree = "<group>"; };
		C2D6CA451E5BE14E00EEF76B /* ZZUICollectionView.m */ = {isa = PBXFileReference; fileEncoding = 4; lastKnownFileType = sourcecode.c.objc; path = ZZUICollectionView.m; sourceTree = "<group>"; };
		C2D6CA461E5BE14E00EEF76B /* ZZUICollectionViewDataSource.h */ = {isa = PBXFileReference; fileEncoding = 4; lastKnownFileType = sourcecode.c.h; path = ZZUICollectionViewDataSource.h; sourceTree = "<group>"; };
		C2D6CA471E5BE14E00EEF76B /* ZZUICollectionViewDataSource.m */ = {isa = PBXFileReference; fileEncoding = 4; lastKnownFileType = sourcecode.c.objc; path = ZZUICollectionViewDataSource.m; sourceTree = "<group>"; };
		C2D6CA481E5BE14E00EEF76B /* ZZUICollectionViewDelegate.h */ = {isa = PBXFileReference; fileEncoding = 4; lastKnownFileType = sourcecode.c.h; path = ZZUICollectionViewDelegate.h; sourceTree = "<group>"; };
		C2D6CA491E5BE14E00EEF76B /* ZZUICollectionViewDelegate.m */ = {isa = PBXFileReference; fileEncoding = 4; lastKnownFileType = sourcecode.c.objc; path = ZZUICollectionViewDelegate.m; sourceTree = "<group>"; };
		C2D6CA4B1E5BE14E00EEF76B /* ZZUICollectionViewCell.h */ = {isa = PBXFileReference; fileEncoding = 4; lastKnownFileType = sourcecode.c.h; path = ZZUICollectionViewCell.h; sourceTree = "<group>"; };
		C2D6CA4C1E5BE14E00EEF76B /* ZZUICollectionViewCell.m */ = {isa = PBXFileReference; fileEncoding = 4; lastKnownFileType = sourcecode.c.objc; path = ZZUICollectionViewCell.m; sourceTree = "<group>"; };
		C2D6CA4E1E5BE14E00EEF76B /* ZZUIControl.h */ = {isa = PBXFileReference; fileEncoding = 4; lastKnownFileType = sourcecode.c.h; path = ZZUIControl.h; sourceTree = "<group>"; };
		C2D6CA4F1E5BE14E00EEF76B /* ZZUIControl.m */ = {isa = PBXFileReference; fileEncoding = 4; lastKnownFileType = sourcecode.c.objc; path = ZZUIControl.m; sourceTree = "<group>"; };
		C2D6CA511E5BE14E00EEF76B /* ZZUIImageView.h */ = {isa = PBXFileReference; fileEncoding = 4; lastKnownFileType = sourcecode.c.h; path = ZZUIImageView.h; sourceTree = "<group>"; };
		C2D6CA521E5BE14E00EEF76B /* ZZUIImageView.m */ = {isa = PBXFileReference; fileEncoding = 4; lastKnownFileType = sourcecode.c.objc; path = ZZUIImageView.m; sourceTree = "<group>"; };
		C2D6CA541E5BE14E00EEF76B /* ZZUILabel.h */ = {isa = PBXFileReference; fileEncoding = 4; lastKnownFileType = sourcecode.c.h; path = ZZUILabel.h; sourceTree = "<group>"; };
		C2D6CA551E5BE14E00EEF76B /* ZZUILabel.m */ = {isa = PBXFileReference; fileEncoding = 4; lastKnownFileType = sourcecode.c.objc; path = ZZUILabel.m; sourceTree = "<group>"; };
		C2D6CA571E5BE14E00EEF76B /* ZZUIResponder.h */ = {isa = PBXFileReference; fileEncoding = 4; lastKnownFileType = sourcecode.c.h; path = ZZUIResponder.h; sourceTree = "<group>"; };
		C2D6CA581E5BE14E00EEF76B /* ZZUIResponder.m */ = {isa = PBXFileReference; fileEncoding = 4; lastKnownFileType = sourcecode.c.objc; path = ZZUIResponder.m; sourceTree = "<group>"; };
		C2D6CA5A1E5BE14E00EEF76B /* ZZUIScrollView.h */ = {isa = PBXFileReference; fileEncoding = 4; lastKnownFileType = sourcecode.c.h; path = ZZUIScrollView.h; sourceTree = "<group>"; };
		C2D6CA5B1E5BE14E00EEF76B /* ZZUIScrollView.m */ = {isa = PBXFileReference; fileEncoding = 4; lastKnownFileType = sourcecode.c.objc; path = ZZUIScrollView.m; sourceTree = "<group>"; };
		C2D6CA5C1E5BE14E00EEF76B /* ZZUIScrollViewDelegate.h */ = {isa = PBXFileReference; fileEncoding = 4; lastKnownFileType = sourcecode.c.h; path = ZZUIScrollViewDelegate.h; sourceTree = "<group>"; };
		C2D6CA5D1E5BE14E00EEF76B /* ZZUIScrollViewDelegate.m */ = {isa = PBXFileReference; fileEncoding = 4; lastKnownFileType = sourcecode.c.objc; path = ZZUIScrollViewDelegate.m; sourceTree = "<group>"; };
		C2D6CA5F1E5BE14E00EEF76B /* ZZUISwitch.h */ = {isa = PBXFileReference; fileEncoding = 4; lastKnownFileType = sourcecode.c.h; path = ZZUISwitch.h; sourceTree = "<group>"; };
		C2D6CA601E5BE14E00EEF76B /* ZZUISwitch.m */ = {isa = PBXFileReference; fileEncoding = 4; lastKnownFileType = sourcecode.c.objc; path = ZZUISwitch.m; sourceTree = "<group>"; };
		C2D6CA621E5BE14E00EEF76B /* ZZUITableView.h */ = {isa = PBXFileReference; fileEncoding = 4; lastKnownFileType = sourcecode.c.h; path = ZZUITableView.h; sourceTree = "<group>"; };
		C2D6CA631E5BE14E00EEF76B /* ZZUITableView.m */ = {isa = PBXFileReference; fileEncoding = 4; lastKnownFileType = sourcecode.c.objc; path = ZZUITableView.m; sourceTree = "<group>"; };
		C2D6CA641E5BE14E00EEF76B /* ZZUITableViewDataSource.h */ = {isa = PBXFileReference; fileEncoding = 4; lastKnownFileType = sourcecode.c.h; path = ZZUITableViewDataSource.h; sourceTree = "<group>"; };
		C2D6CA651E5BE14E00EEF76B /* ZZUITableViewDataSource.m */ = {isa = PBXFileReference; fileEncoding = 4; lastKnownFileType = sourcecode.c.objc; path = ZZUITableViewDataSource.m; sourceTree = "<group>"; };
		C2D6CA661E5BE14E00EEF76B /* ZZUITableViewDelegate.h */ = {isa = PBXFileReference; fileEncoding = 4; lastKnownFileType = sourcecode.c.h; path = ZZUITableViewDelegate.h; sourceTree = "<group>"; };
		C2D6CA671E5BE14E00EEF76B /* ZZUITableViewDelegate.m */ = {isa = PBXFileReference; fileEncoding = 4; lastKnownFileType = sourcecode.c.objc; path = ZZUITableViewDelegate.m; sourceTree = "<group>"; };
		C2D6CA691E5BE14E00EEF76B /* ZZUITableViewCell.h */ = {isa = PBXFileReference; fileEncoding = 4; lastKnownFileType = sourcecode.c.h; path = ZZUITableViewCell.h; sourceTree = "<group>"; };
		C2D6CA6A1E5BE14E00EEF76B /* ZZUITableViewCell.m */ = {isa = PBXFileReference; fileEncoding = 4; lastKnownFileType = sourcecode.c.objc; path = ZZUITableViewCell.m; sourceTree = "<group>"; };
		C2D6CA6C1E5BE14E00EEF76B /* ZZUITextField.h */ = {isa = PBXFileReference; fileEncoding = 4; lastKnownFileType = sourcecode.c.h; path = ZZUITextField.h; sourceTree = "<group>"; };
		C2D6CA6D1E5BE14E00EEF76B /* ZZUITextField.m */ = {isa = PBXFileReference; fileEncoding = 4; lastKnownFileType = sourcecode.c.objc; path = ZZUITextField.m; sourceTree = "<group>"; };
		C2D6CA6F1E5BE14E00EEF76B /* ZZUITextView.h */ = {isa = PBXFileReference; fileEncoding = 4; lastKnownFileType = sourcecode.c.h; path = ZZUITextView.h; sourceTree = "<group>"; };
		C2D6CA701E5BE14E00EEF76B /* ZZUITextView.m */ = {isa = PBXFileReference; fileEncoding = 4; lastKnownFileType = sourcecode.c.objc; path = ZZUITextView.m; sourceTree = "<group>"; };
		C2D6CA721E5BE14E00EEF76B /* ZZUIView.h */ = {isa = PBXFileReference; fileEncoding = 4; lastKnownFileType = sourcecode.c.h; path = ZZUIView.h; sourceTree = "<group>"; };
		C2D6CA731E5BE14E00EEF76B /* ZZUIView.m */ = {isa = PBXFileReference; fileEncoding = 4; lastKnownFileType = sourcecode.c.objc; path = ZZUIView.m; sourceTree = "<group>"; };
/* End PBXFileReference section */

/* Begin PBXFrameworksBuildPhase section */
		C21789B41E55D64500AF8BEE /* Frameworks */ = {
			isa = PBXFrameworksBuildPhase;
			buildActionMask = 2147483647;
			files = (
			);
			runOnlyForDeploymentPostprocessing = 0;
		};
/* End PBXFrameworksBuildPhase section */

/* Begin PBXGroup section */
		C21789AE1E55D64500AF8BEE = {
			isa = PBXGroup;
			children = (
				C21789B91E55D64500AF8BEE /* ZZUIHelper */,
				C21789B81E55D64500AF8BEE /* Products */,
			);
			sourceTree = "<group>";
		};
		C21789B81E55D64500AF8BEE /* Products */ = {
			isa = PBXGroup;
			children = (
				C21789B71E55D64500AF8BEE /* ZZUIHelper.app */,
			);
			name = Products;
			sourceTree = "<group>";
		};
		C21789B91E55D64500AF8BEE /* ZZUIHelper */ = {
			isa = PBXGroup;
			children = (
				C2A10C191E59611C000960D9 /* Config */,
				C2A10C431E5A0D5D000960D9 /* Business */,
				C22239E31E5815F5002CB428 /* Modules */,
				C2D6C9FE1E5BE12700EEF76B /* Extensions */,
				C21789C51E55D64500AF8BEE /* Main.storyboard */,
				C21789BD1E55D64500AF8BEE /* Supporting Files */,
			);
			path = ZZUIHelper;
			sourceTree = "<group>";
		};
		C21789BD1E55D64500AF8BEE /* Supporting Files */ = {
			isa = PBXGroup;
			children = (
				C2A10C1D1E596210000960D9 /* ZZPrefixHeader.pch */,
				C21789C31E55D64500AF8BEE /* Assets.xcassets */,
				C21789C81E55D64500AF8BEE /* Info.plist */,
				C21789BA1E55D64500AF8BEE /* AppDelegate.h */,
				C21789BB1E55D64500AF8BEE /* AppDelegate.m */,
				C21789BE1E55D64500AF8BEE /* main.m */,
			);
			name = "Supporting Files";
			sourceTree = "<group>";
		};
		C22239E31E5815F5002CB428 /* Modules */ = {
			isa = PBXGroup;
			children = (
				C2A10C7D1E5A41D0000960D9 /* ZZWindowController */,
				C2223A0D1E587674002CB428 /* ZZMainViewController */,
				C2A10CB31E5AEF39000960D9 /* ZZNewFileViewController */,
				C2A10CAD1E5AEF0B000960D9 /* ZZNewPropertyViewController */,
				C2A10C9E1E5AE11C000960D9 /* ZZSettingViewController */,
				C2A10C471E5A0E67000960D9 /* ZZElementAreaViewController */,
				C2223A081E5875DA002CB428 /* ZZCodeAreaViewController */,
				C2A10C4C1E5A1583000960D9 /* ZZControlAreaViewController */,
			);
			path = Modules;
			sourceTree = "<group>";
		};
		C2223A081E5875DA002CB428 /* ZZCodeAreaViewController */ = {
			isa = PBXGroup;
			children = (
				C2223A091E5875F8002CB428 /* ZZCodeAreaViewController.h */,
				C2223A0A1E5875F8002CB428 /* ZZCodeAreaViewController.m */,
			);
			path = ZZCodeAreaViewController;
			sourceTree = "<group>";
		};
		C2223A0D1E587674002CB428 /* ZZMainViewController */ = {
			isa = PBXGroup;
			children = (
				C2223A0E1E5876B1002CB428 /* ZZMainViewController.h */,
				C2223A0F1E5876B1002CB428 /* ZZMainViewController.m */,
			);
			path = ZZMainViewController;
			sourceTree = "<group>";
		};
		C2A10C191E59611C000960D9 /* Config */ = {
			isa = PBXGroup;
			children = (
				C2A10C251E59A919000960D9 /* ZZMacros.h */,
				C2A10C4B1E5A1400000960D9 /* ZZNotificationKey.h */,
				C2A10C1A1E59614B000960D9 /* ZZUIHelperConfig.h */,
				C2A10C1B1E59614B000960D9 /* ZZUIHelperConfig.m */,
			);
			path = Config;
			sourceTree = "<group>";
		};
		C2A10C431E5A0D5D000960D9 /* Business */ = {
			isa = PBXGroup;
			children = (
				C2D6CA2F1E5BE14E00EEF76B /* Models */,
				C2A10C441E5A0D6B000960D9 /* ZZClassHelper.h */,
				C2A10C451E5A0D6B000960D9 /* ZZClassHelper.m */,
				C2A10C501E5A161A000960D9 /* ZZControlHelper.h */,
				C2A10C511E5A161A000960D9 /* ZZControlHelper.m */,
			);
			path = Business;
			sourceTree = "<group>";
		};
		C2A10C471E5A0E67000960D9 /* ZZElementAreaViewController */ = {
			isa = PBXGroup;
			children = (
				C2A10C481E5A0E79000960D9 /* ZZElementAreaViewController.h */,
				C2A10C491E5A0E79000960D9 /* ZZElementAreaViewController.m */,
			);
			path = ZZElementAreaViewController;
			sourceTree = "<group>";
		};
		C2A10C4C1E5A1583000960D9 /* ZZControlAreaViewController */ = {
			isa = PBXGroup;
			children = (
				C2A10C4D1E5A1597000960D9 /* ZZControlAreaViewController.h */,
				C2A10C4E1E5A1597000960D9 /* ZZControlAreaViewController.m */,
				C2A10C5E1E5A22BA000960D9 /* ZZControlItem.h */,
				C2A10C5F1E5A22BA000960D9 /* ZZControlItem.m */,
				C2A10C631E5A2A4A000960D9 /* ZZControlItem.xib */,
			);
			path = ZZControlAreaViewController;
			sourceTree = "<group>";
		};
		C2A10C7D1E5A41D0000960D9 /* ZZWindowController */ = {
			isa = PBXGroup;
			children = (
				C2A10C7E1E5A41E6000960D9 /* ZZWindowController.h */,
				C2A10C7F1E5A41E6000960D9 /* ZZWindowController.m */,
			);
			path = ZZWindowController;
			sourceTree = "<group>";
		};
		C2A10C9E1E5AE11C000960D9 /* ZZSettingViewController */ = {
			isa = PBXGroup;
			children = (
				C2A10C9F1E5AE12D000960D9 /* ZZSettingViewController.h */,
				C2A10CA01E5AE12D000960D9 /* ZZSettingViewController.m */,
			);
			path = ZZSettingViewController;
			sourceTree = "<group>";
		};
		C2A10CAD1E5AEF0B000960D9 /* ZZNewPropertyViewController */ = {
			isa = PBXGroup;
			children = (
				C2A10CAE1E5AEF0B000960D9 /* ZZNewPropertyViewController.h */,
				C2A10CAF1E5AEF0B000960D9 /* ZZNewPropertyViewController.m */,
				C2A10CB01E5AEF0B000960D9 /* ZZNewPropertyViewController.xib */,
			);
			path = ZZNewPropertyViewController;
			sourceTree = "<group>";
		};
		C2A10CB31E5AEF39000960D9 /* ZZNewFileViewController */ = {
			isa = PBXGroup;
			children = (
				C2A10CB41E5AEF39000960D9 /* ZZNewFileViewController.h */,
				C2A10CB51E5AEF39000960D9 /* ZZNewFileViewController.m */,
				C2A10CB61E5AEF39000960D9 /* ZZNewFileViewController.xib */,
			);
			path = ZZNewFileViewController;
			sourceTree = "<group>";
		};
		C2D6C9FE1E5BE12700EEF76B /* Extensions */ = {
			isa = PBXGroup;
			children = (
				C2D6C9FF1E5BE12700EEF76B /* Categories */,
				C2D6CA041E5BE12700EEF76B /* Masonry */,
			);
			path = Extensions;
			sourceTree = "<group>";
		};
		C2D6C9FF1E5BE12700EEF76B /* Categories */ = {
			isa = PBXGroup;
			children = (
				C2D6CA001E5BE12700EEF76B /* NSDate+Extension.h */,
				C2D6CA011E5BE12700EEF76B /* NSDate+Extension.m */,
				C2D6CA021E5BE12700EEF76B /* NSString+MMBJ.h */,
				C2D6CA031E5BE12700EEF76B /* NSString+MMBJ.m */,
			);
			path = Categories;
			sourceTree = "<group>";
		};
		C2D6CA041E5BE12700EEF76B /* Masonry */ = {
			isa = PBXGroup;
			children = (
				C2D6CA051E5BE12700EEF76B /* LICENSE */,
				C2D6CA061E5BE12700EEF76B /* Masonry */,
				C2D6CA201E5BE12700EEF76B /* README.md */,
			);
			path = Masonry;
			sourceTree = "<group>";
		};
		C2D6CA061E5BE12700EEF76B /* Masonry */ = {
			isa = PBXGroup;
			children = (
				C2D6CA071E5BE12700EEF76B /* MASCompositeConstraint.h */,
				C2D6CA081E5BE12700EEF76B /* MASCompositeConstraint.m */,
				C2D6CA091E5BE12700EEF76B /* MASConstraint+Private.h */,
				C2D6CA0A1E5BE12700EEF76B /* MASConstraint.h */,
				C2D6CA0B1E5BE12700EEF76B /* MASConstraint.m */,
				C2D6CA0C1E5BE12700EEF76B /* MASConstraintMaker.h */,
				C2D6CA0D1E5BE12700EEF76B /* MASConstraintMaker.m */,
				C2D6CA0E1E5BE12700EEF76B /* MASLayoutConstraint.h */,
				C2D6CA0F1E5BE12700EEF76B /* MASLayoutConstraint.m */,
				C2D6CA101E5BE12700EEF76B /* Masonry.h */,
				C2D6CA111E5BE12700EEF76B /* MASUtilities.h */,
				C2D6CA121E5BE12700EEF76B /* MASViewAttribute.h */,
				C2D6CA131E5BE12700EEF76B /* MASViewAttribute.m */,
				C2D6CA141E5BE12700EEF76B /* MASViewConstraint.h */,
				C2D6CA151E5BE12700EEF76B /* MASViewConstraint.m */,
				C2D6CA161E5BE12700EEF76B /* NSArray+MASAdditions.h */,
				C2D6CA171E5BE12700EEF76B /* NSArray+MASAdditions.m */,
				C2D6CA181E5BE12700EEF76B /* NSArray+MASShorthandAdditions.h */,
				C2D6CA191E5BE12700EEF76B /* NSLayoutConstraint+MASDebugAdditions.h */,
				C2D6CA1A1E5BE12700EEF76B /* NSLayoutConstraint+MASDebugAdditions.m */,
				C2D6CA1B1E5BE12700EEF76B /* View+MASAdditions.h */,
				C2D6CA1C1E5BE12700EEF76B /* View+MASAdditions.m */,
				C2D6CA1D1E5BE12700EEF76B /* View+MASShorthandAdditions.h */,
				C2D6CA1E1E5BE12700EEF76B /* ViewController+MASAdditions.h */,
				C2D6CA1F1E5BE12700EEF76B /* ViewController+MASAdditions.m */,
			);
			path = Masonry;
			sourceTree = "<group>";
		};
		C2D6CA2F1E5BE14E00EEF76B /* Models */ = {
			isa = PBXGroup;
			children = (
				C2D6CA301E5BE14E00EEF76B /* Foundations */,
				C2D6CA3A1E5BE14E00EEF76B /* iOS */,
				C2D6CA741E5BE14E00EEF76B /* MacOS */,
			);
			path = Models;
			sourceTree = "<group>";
		};
		C2D6CA301E5BE14E00EEF76B /* Foundations */ = {
			isa = PBXGroup;
			children = (
				C2D6CA371E5BE14E00EEF76B /* ZZPortocol */,
				C2D6CA341E5BE14E00EEF76B /* ZZNSObject */,
				C2D6CA311E5BE14E00EEF76B /* ZZNSMutableArray */,
			);
			path = Foundations;
			sourceTree = "<group>";
		};
		C2D6CA311E5BE14E00EEF76B /* ZZNSMutableArray */ = {
			isa = PBXGroup;
			children = (
				C2D6CA321E5BE14E00EEF76B /* ZZNSMutableArray.h */,
				C2D6CA331E5BE14E00EEF76B /* ZZNSMutableArray.m */,
			);
			path = ZZNSMutableArray;
			sourceTree = "<group>";
		};
		C2D6CA341E5BE14E00EEF76B /* ZZNSObject */ = {
			isa = PBXGroup;
			children = (
				C2D6CA351E5BE14E00EEF76B /* ZZNSObject.h */,
				C2D6CA361E5BE14E00EEF76B /* ZZNSObject.m */,
			);
			path = ZZNSObject;
			sourceTree = "<group>";
		};
		C2D6CA371E5BE14E00EEF76B /* ZZPortocol */ = {
			isa = PBXGroup;
			children = (
				C2D6CA381E5BE14E00EEF76B /* ZZProtocol.h */,
				C2D6CA391E5BE14E00EEF76B /* ZZProtocol.m */,
			);
			path = ZZPortocol;
			sourceTree = "<group>";
		};
		C2D6CA3A1E5BE14E00EEF76B /* iOS */ = {
			isa = PBXGroup;
			children = (
				C2D6CA3B1E5BE14E00EEF76B /* ViewControllers */,
				C2D6CA3F1E5BE14E00EEF76B /* Views */,
			);
			path = iOS;
			sourceTree = "<group>";
		};
		C2D6CA3B1E5BE14E00EEF76B /* ViewControllers */ = {
			isa = PBXGroup;
			children = (
				C2D6CA3C1E5BE14E00EEF76B /* ZZUIViewController */,
			);
			path = ViewControllers;
			sourceTree = "<group>";
		};
		C2D6CA3C1E5BE14E00EEF76B /* ZZUIViewController */ = {
			isa = PBXGroup;
			children = (
				C2D6CA3D1E5BE14E00EEF76B /* ZZUIViewController.h */,
				C2D6CA3E1E5BE14E00EEF76B /* ZZUIViewController.m */,
			);
			path = ZZUIViewController;
			sourceTree = "<group>";
		};
		C2D6CA3F1E5BE14E00EEF76B /* Views */ = {
			isa = PBXGroup;
			children = (
				C2D6CA561E5BE14E00EEF76B /* ZZUIResponder */,
				C2D6CA711E5BE14E00EEF76B /* ZZUIView */,
				C2D6CA501E5BE14E00EEF76B /* ZZUIImageView */,
				C2D6CA531E5BE14E00EEF76B /* ZZUILabel */,
				C2D6CA431E5BE14E00EEF76B /* ZZUICollectionView */,
				C2D6CA4A1E5BE14E00EEF76B /* ZZUICollectionViewCell */,
				C2D6CA4D1E5BE14E00EEF76B /* ZZUIControl */,
				C2D6CA5E1E5BE14E00EEF76B /* ZZUISwitch */,
				C2D6CA401E5BE14E00EEF76B /* ZZUIButton */,
				C2D6CA591E5BE14E00EEF76B /* ZZUIScrollView */,
				C2D6CA611E5BE14E00EEF76B /* ZZUITableView */,
				C2D6CA681E5BE14E00EEF76B /* ZZUITableViewCell */,
				C2D6CA6B1E5BE14E00EEF76B /* ZZUITextField */,
				C2D6CA6E1E5BE14E00EEF76B /* ZZUITextView */,
			);
			path = Views;
			sourceTree = "<group>";
		};
		C2D6CA401E5BE14E00EEF76B /* ZZUIButton */ = {
			isa = PBXGroup;
			children = (
				C2D6CA411E5BE14E00EEF76B /* ZZUIButton.h */,
				C2D6CA421E5BE14E00EEF76B /* ZZUIButton.m */,
			);
			path = ZZUIButton;
			sourceTree = "<group>";
		};
		C2D6CA431E5BE14E00EEF76B /* ZZUICollectionView */ = {
			isa = PBXGroup;
			children = (
				C2D6CA441E5BE14E00EEF76B /* ZZUICollectionView.h */,
				C2D6CA451E5BE14E00EEF76B /* ZZUICollectionView.m */,
				C2D6CA461E5BE14E00EEF76B /* ZZUICollectionViewDataSource.h */,
				C2D6CA471E5BE14E00EEF76B /* ZZUICollectionViewDataSource.m */,
				C2D6CA481E5BE14E00EEF76B /* ZZUICollectionViewDelegate.h */,
				C2D6CA491E5BE14E00EEF76B /* ZZUICollectionViewDelegate.m */,
			);
			path = ZZUICollectionView;
			sourceTree = "<group>";
		};
		C2D6CA4A1E5BE14E00EEF76B /* ZZUICollectionViewCell */ = {
			isa = PBXGroup;
			children = (
				C2D6CA4B1E5BE14E00EEF76B /* ZZUICollectionViewCell.h */,
				C2D6CA4C1E5BE14E00EEF76B /* ZZUICollectionViewCell.m */,
			);
			path = ZZUICollectionViewCell;
			sourceTree = "<group>";
		};
		C2D6CA4D1E5BE14E00EEF76B /* ZZUIControl */ = {
			isa = PBXGroup;
			children = (
				C2D6CA4E1E5BE14E00EEF76B /* ZZUIControl.h */,
				C2D6CA4F1E5BE14E00EEF76B /* ZZUIControl.m */,
			);
			path = ZZUIControl;
			sourceTree = "<group>";
		};
		C2D6CA501E5BE14E00EEF76B /* ZZUIImageView */ = {
			isa = PBXGroup;
			children = (
				C2D6CA511E5BE14E00EEF76B /* ZZUIImageView.h */,
				C2D6CA521E5BE14E00EEF76B /* ZZUIImageView.m */,
			);
			path = ZZUIImageView;
			sourceTree = "<group>";
		};
		C2D6CA531E5BE14E00EEF76B /* ZZUILabel */ = {
			isa = PBXGroup;
			children = (
				C2D6CA541E5BE14E00EEF76B /* ZZUILabel.h */,
				C2D6CA551E5BE14E00EEF76B /* ZZUILabel.m */,
			);
			path = ZZUILabel;
			sourceTree = "<group>";
		};
		C2D6CA561E5BE14E00EEF76B /* ZZUIResponder */ = {
			isa = PBXGroup;
			children = (
				C2D6CA571E5BE14E00EEF76B /* ZZUIResponder.h */,
				C2D6CA581E5BE14E00EEF76B /* ZZUIResponder.m */,
			);
			path = ZZUIResponder;
			sourceTree = "<group>";
		};
		C2D6CA591E5BE14E00EEF76B /* ZZUIScrollView */ = {
			isa = PBXGroup;
			children = (
				C2D6CA5A1E5BE14E00EEF76B /* ZZUIScrollView.h */,
				C2D6CA5B1E5BE14E00EEF76B /* ZZUIScrollView.m */,
				C2D6CA5C1E5BE14E00EEF76B /* ZZUIScrollViewDelegate.h */,
				C2D6CA5D1E5BE14E00EEF76B /* ZZUIScrollViewDelegate.m */,
			);
			path = ZZUIScrollView;
			sourceTree = "<group>";
		};
		C2D6CA5E1E5BE14E00EEF76B /* ZZUISwitch */ = {
			isa = PBXGroup;
			children = (
				C2D6CA5F1E5BE14E00EEF76B /* ZZUISwitch.h */,
				C2D6CA601E5BE14E00EEF76B /* ZZUISwitch.m */,
			);
			path = ZZUISwitch;
			sourceTree = "<group>";
		};
		C2D6CA611E5BE14E00EEF76B /* ZZUITableView */ = {
			isa = PBXGroup;
			children = (
				C2D6CA621E5BE14E00EEF76B /* ZZUITableView.h */,
				C2D6CA631E5BE14E00EEF76B /* ZZUITableView.m */,
				C2D6CA641E5BE14E00EEF76B /* ZZUITableViewDataSource.h */,
				C2D6CA651E5BE14E00EEF76B /* ZZUITableViewDataSource.m */,
				C2D6CA661E5BE14E00EEF76B /* ZZUITableViewDelegate.h */,
				C2D6CA671E5BE14E00EEF76B /* ZZUITableViewDelegate.m */,
			);
			path = ZZUITableView;
			sourceTree = "<group>";
		};
		C2D6CA681E5BE14E00EEF76B /* ZZUITableViewCell */ = {
			isa = PBXGroup;
			children = (
				C2D6CA691E5BE14E00EEF76B /* ZZUITableViewCell.h */,
				C2D6CA6A1E5BE14E00EEF76B /* ZZUITableViewCell.m */,
			);
			path = ZZUITableViewCell;
			sourceTree = "<group>";
		};
		C2D6CA6B1E5BE14E00EEF76B /* ZZUITextField */ = {
			isa = PBXGroup;
			children = (
				C2D6CA6C1E5BE14E00EEF76B /* ZZUITextField.h */,
				C2D6CA6D1E5BE14E00EEF76B /* ZZUITextField.m */,
			);
			path = ZZUITextField;
			sourceTree = "<group>";
		};
		C2D6CA6E1E5BE14E00EEF76B /* ZZUITextView */ = {
			isa = PBXGroup;
			children = (
				C2D6CA6F1E5BE14E00EEF76B /* ZZUITextView.h */,
				C2D6CA701E5BE14E00EEF76B /* ZZUITextView.m */,
			);
			path = ZZUITextView;
			sourceTree = "<group>";
		};
		C2D6CA711E5BE14E00EEF76B /* ZZUIView */ = {
			isa = PBXGroup;
			children = (
				C2D6CA721E5BE14E00EEF76B /* ZZUIView.h */,
				C2D6CA731E5BE14E00EEF76B /* ZZUIView.m */,
			);
			path = ZZUIView;
			sourceTree = "<group>";
		};
		C2D6CA741E5BE14E00EEF76B /* MacOS */ = {
			isa = PBXGroup;
			children = (
				C2D6CA751E5BE14E00EEF76B /* ViewControllers */,
				C2D6CA761E5BE14E00EEF76B /* Views */,
			);
			path = MacOS;
			sourceTree = "<group>";
		};
		C2D6CA751E5BE14E00EEF76B /* ViewControllers */ = {
			isa = PBXGroup;
			children = (
			);
			path = ViewControllers;
			sourceTree = "<group>";
		};
		C2D6CA761E5BE14E00EEF76B /* Views */ = {
			isa = PBXGroup;
			children = (
			);
			path = Views;
			sourceTree = "<group>";
		};
/* End PBXGroup section */

/* Begin PBXNativeTarget section */
		C21789B61E55D64500AF8BEE /* ZZUIHelper */ = {
			isa = PBXNativeTarget;
			buildConfigurationList = C21789CB1E55D64500AF8BEE /* Build configuration list for PBXNativeTarget "ZZUIHelper" */;
			buildPhases = (
				C21789B31E55D64500AF8BEE /* Sources */,
				C21789B41E55D64500AF8BEE /* Frameworks */,
				C21789B51E55D64500AF8BEE /* Resources */,
			);
			buildRules = (
			);
			dependencies = (
			);
			name = ZZUIHelper;
			productName = ZZUIHelper;
			productReference = C21789B71E55D64500AF8BEE /* ZZUIHelper.app */;
			productType = "com.apple.product-type.application";
		};
/* End PBXNativeTarget section */

/* Begin PBXProject section */
		C21789AF1E55D64500AF8BEE /* Project object */ = {
			isa = PBXProject;
			attributes = {
				CLASSPREFIX = ZZ;
				LastUpgradeCheck = 0820;
				ORGANIZATIONNAME = "李伯坤";
				TargetAttributes = {
					C21789B61E55D64500AF8BEE = {
						CreatedOnToolsVersion = 8.2.1;
						ProvisioningStyle = Automatic;
					};
				};
			};
			buildConfigurationList = C21789B21E55D64500AF8BEE /* Build configuration list for PBXProject "ZZUIHelper" */;
			compatibilityVersion = "Xcode 3.2";
			developmentRegion = English;
			hasScannedForEncodings = 0;
			knownRegions = (
				en,
				Base,
			);
			mainGroup = C21789AE1E55D64500AF8BEE;
			productRefGroup = C21789B81E55D64500AF8BEE /* Products */;
			projectDirPath = "";
			projectRoot = "";
			targets = (
				C21789B61E55D64500AF8BEE /* ZZUIHelper */,
			);
		};
/* End PBXProject section */

/* Begin PBXResourcesBuildPhase section */
		C21789B51E55D64500AF8BEE /* Resources */ = {
			isa = PBXResourcesBuildPhase;
			buildActionMask = 2147483647;
			files = (
				C2D6CA231E5BE12700EEF76B /* LICENSE in Resources */,
				C2A10CB21E5AEF0B000960D9 /* ZZNewPropertyViewController.xib in Resources */,
				C21789C41E55D64500AF8BEE /* Assets.xcassets in Resources */,
				C21789C71E55D64500AF8BEE /* Main.storyboard in Resources */,
				C2A10C641E5A2A4A000960D9 /* ZZControlItem.xib in Resources */,
				C2A10CB81E5AEF39000960D9 /* ZZNewFileViewController.xib in Resources */,
			);
			runOnlyForDeploymentPostprocessing = 0;
		};
/* End PBXResourcesBuildPhase section */

/* Begin PBXSourcesBuildPhase section */
		C21789B31E55D64500AF8BEE /* Sources */ = {
			isa = PBXSourcesBuildPhase;
			buildActionMask = 2147483647;
			files = (
				C2D6CA891E5BE14E00EEF76B /* ZZUITableViewDelegate.m in Sources */,
				C2D6CA8A1E5BE14E00EEF76B /* ZZUITableViewCell.m in Sources */,
				C2D6CA291E5BE12700EEF76B /* MASViewConstraint.m in Sources */,
				C2D6CA7D1E5BE14E00EEF76B /* ZZUICollectionViewDataSource.m in Sources */,
				C21789BF1E55D64500AF8BEE /* main.m in Sources */,
				C2D6CA281E5BE12700EEF76B /* MASViewAttribute.m in Sources */,
				C2D6CA821E5BE14E00EEF76B /* ZZUILabel.m in Sources */,
				C2223A0B1E5875F8002CB428 /* ZZCodeAreaViewController.m in Sources */,
				C2D6CA851E5BE14E00EEF76B /* ZZUIScrollViewDelegate.m in Sources */,
				C21789BC1E55D64500AF8BEE /* AppDelegate.m in Sources */,
				C2D6CA241E5BE12700EEF76B /* MASCompositeConstraint.m in Sources */,
				C2D6CA2B1E5BE12700EEF76B /* NSLayoutConstraint+MASDebugAdditions.m in Sources */,
				C2A10C611E5A22BA000960D9 /* ZZControlItem.m in Sources */,
				C2D6CA841E5BE14E00EEF76B /* ZZUIScrollView.m in Sources */,
				C2D6CA2D1E5BE12700EEF76B /* ViewController+MASAdditions.m in Sources */,
				C2D6CA2E1E5BE12700EEF76B /* README.md in Sources */,
				C2A10CB71E5AEF39000960D9 /* ZZNewFileViewController.m in Sources */,
				C2A10C4A1E5A0E79000960D9 /* ZZElementAreaViewController.m in Sources */,
				C2D6CA211E5BE12700EEF76B /* NSDate+Extension.m in Sources */,
				C2D6CA2A1E5BE12700EEF76B /* NSArray+MASAdditions.m in Sources */,
				C2D6CA2C1E5BE12700EEF76B /* View+MASAdditions.m in Sources */,
				C2D6CA7F1E5BE14E00EEF76B /* ZZUICollectionViewCell.m in Sources */,
				C2D6CA8D1E5BE14E00EEF76B /* ZZUIView.m in Sources */,
				C2A10C4F1E5A1597000960D9 /* ZZControlAreaViewController.m in Sources */,
				C2A10C1C1E59614B000960D9 /* ZZUIHelperConfig.m in Sources */,
				C2D6CA781E5BE14E00EEF76B /* ZZNSObject.m in Sources */,
				C2D6CA251E5BE12700EEF76B /* MASConstraint.m in Sources */,
				C2A10C521E5A161A000960D9 /* ZZControlHelper.m in Sources */,
				C2D6CA771E5BE14E00EEF76B /* ZZNSMutableArray.m in Sources */,
				C2D6CA7B1E5BE14E00EEF76B /* ZZUIButton.m in Sources */,
				C2D6CA811E5BE14E00EEF76B /* ZZUIImageView.m in Sources */,
				C2D6CA881E5BE14E00EEF76B /* ZZUITableViewDataSource.m in Sources */,
				C2A10CA11E5AE12D000960D9 /* ZZSettingViewController.m in Sources */,
				C2223A101E5876B1002CB428 /* ZZMainViewController.m in Sources */,
				C2D6CA801E5BE14E00EEF76B /* ZZUIControl.m in Sources */,
				C2D6CA7C1E5BE14E00EEF76B /* ZZUICollectionView.m in Sources */,
				C2D6CA791E5BE14E00EEF76B /* ZZProtocol.m in Sources */,
				C2D6CA7E1E5BE14E00EEF76B /* ZZUICollectionViewDelegate.m in Sources */,
				C2D6CA8B1E5BE14E00EEF76B /* ZZUITextField.m in Sources */,
				C2D6CA261E5BE12700EEF76B /* MASConstraintMaker.m in Sources */,
				C2D6CA271E5BE12700EEF76B /* MASLayoutConstraint.m in Sources */,
				C2A10C461E5A0D6B000960D9 /* ZZClassHelper.m in Sources */,
				C2A10CB11E5AEF0B000960D9 /* ZZNewPropertyViewController.m in Sources */,
				C2D6CA221E5BE12700EEF76B /* NSString+MMBJ.m in Sources */,
				C2D6CA871E5BE14E00EEF76B /* ZZUITableView.m in Sources */,
				C2D6CA7A1E5BE14E00EEF76B /* ZZUIViewController.m in Sources */,
				C2D6CA831E5BE14E00EEF76B /* ZZUIResponder.m in Sources */,
				C2D6CA8C1E5BE14E00EEF76B /* ZZUITextView.m in Sources */,
				C2D6CA861E5BE14E00EEF76B /* ZZUISwitch.m in Sources */,
				C2A10C801E5A41E6000960D9 /* ZZWindowController.m in Sources */,
			);
			runOnlyForDeploymentPostprocessing = 0;
		};
/* End PBXSourcesBuildPhase section */

/* Begin PBXVariantGroup section */
		C21789C51E55D64500AF8BEE /* Main.storyboard */ = {
			isa = PBXVariantGroup;
			children = (
				C21789C61E55D64500AF8BEE /* Base */,
			);
			name = Main.storyboard;
			sourceTree = "<group>";
		};
/* End PBXVariantGroup section */

/* Begin XCBuildConfiguration section */
		C21789C91E55D64500AF8BEE /* Debug */ = {
			isa = XCBuildConfiguration;
			buildSettings = {
				ALWAYS_SEARCH_USER_PATHS = NO;
				CLANG_ANALYZER_NONNULL = YES;
				CLANG_CXX_LANGUAGE_STANDARD = "gnu++0x";
				CLANG_CXX_LIBRARY = "libc++";
				CLANG_ENABLE_MODULES = YES;
				CLANG_ENABLE_OBJC_ARC = YES;
				CLANG_WARN_BOOL_CONVERSION = YES;
				CLANG_WARN_CONSTANT_CONVERSION = YES;
				CLANG_WARN_DIRECT_OBJC_ISA_USAGE = YES_ERROR;
				CLANG_WARN_DOCUMENTATION_COMMENTS = YES;
				CLANG_WARN_EMPTY_BODY = YES;
				CLANG_WARN_ENUM_CONVERSION = YES;
				CLANG_WARN_INFINITE_RECURSION = YES;
				CLANG_WARN_INT_CONVERSION = YES;
				CLANG_WARN_OBJC_ROOT_CLASS = YES_ERROR;
				CLANG_WARN_SUSPICIOUS_MOVE = YES;
				CLANG_WARN_UNREACHABLE_CODE = YES;
				CLANG_WARN__DUPLICATE_METHOD_MATCH = YES;
				CODE_SIGN_IDENTITY = "-";
				COPY_PHASE_STRIP = NO;
				DEBUG_INFORMATION_FORMAT = dwarf;
				ENABLE_STRICT_OBJC_MSGSEND = YES;
				ENABLE_TESTABILITY = YES;
				GCC_C_LANGUAGE_STANDARD = gnu99;
				GCC_DYNAMIC_NO_PIC = NO;
				GCC_NO_COMMON_BLOCKS = YES;
				GCC_OPTIMIZATION_LEVEL = 0;
				GCC_PREPROCESSOR_DEFINITIONS = (
					"DEBUG=1",
					"$(inherited)",
				);
				GCC_WARN_64_TO_32_BIT_CONVERSION = YES;
				GCC_WARN_ABOUT_RETURN_TYPE = YES_ERROR;
				GCC_WARN_UNDECLARED_SELECTOR = YES;
				GCC_WARN_UNINITIALIZED_AUTOS = YES_AGGRESSIVE;
				GCC_WARN_UNUSED_FUNCTION = YES;
				GCC_WARN_UNUSED_VARIABLE = YES;
				MACOSX_DEPLOYMENT_TARGET = 10.12;
				MTL_ENABLE_DEBUG_INFO = YES;
				ONLY_ACTIVE_ARCH = YES;
				SDKROOT = macosx;
			};
			name = Debug;
		};
		C21789CA1E55D64500AF8BEE /* Release */ = {
			isa = XCBuildConfiguration;
			buildSettings = {
				ALWAYS_SEARCH_USER_PATHS = NO;
				CLANG_ANALYZER_NONNULL = YES;
				CLANG_CXX_LANGUAGE_STANDARD = "gnu++0x";
				CLANG_CXX_LIBRARY = "libc++";
				CLANG_ENABLE_MODULES = YES;
				CLANG_ENABLE_OBJC_ARC = YES;
				CLANG_WARN_BOOL_CONVERSION = YES;
				CLANG_WARN_CONSTANT_CONVERSION = YES;
				CLANG_WARN_DIRECT_OBJC_ISA_USAGE = YES_ERROR;
				CLANG_WARN_DOCUMENTATION_COMMENTS = YES;
				CLANG_WARN_EMPTY_BODY = YES;
				CLANG_WARN_ENUM_CONVERSION = YES;
				CLANG_WARN_INFINITE_RECURSION = YES;
				CLANG_WARN_INT_CONVERSION = YES;
				CLANG_WARN_OBJC_ROOT_CLASS = YES_ERROR;
				CLANG_WARN_SUSPICIOUS_MOVE = YES;
				CLANG_WARN_UNREACHABLE_CODE = YES;
				CLANG_WARN__DUPLICATE_METHOD_MATCH = YES;
				CODE_SIGN_IDENTITY = "-";
				COPY_PHASE_STRIP = NO;
				DEBUG_INFORMATION_FORMAT = "dwarf-with-dsym";
				ENABLE_NS_ASSERTIONS = NO;
				ENABLE_STRICT_OBJC_MSGSEND = YES;
				GCC_C_LANGUAGE_STANDARD = gnu99;
				GCC_NO_COMMON_BLOCKS = YES;
				GCC_WARN_64_TO_32_BIT_CONVERSION = YES;
				GCC_WARN_ABOUT_RETURN_TYPE = YES_ERROR;
				GCC_WARN_UNDECLARED_SELECTOR = YES;
				GCC_WARN_UNINITIALIZED_AUTOS = YES_AGGRESSIVE;
				GCC_WARN_UNUSED_FUNCTION = YES;
				GCC_WARN_UNUSED_VARIABLE = YES;
				MACOSX_DEPLOYMENT_TARGET = 10.12;
				MTL_ENABLE_DEBUG_INFO = NO;
				SDKROOT = macosx;
			};
			name = Release;
		};
		C21789CC1E55D64500AF8BEE /* Debug */ = {
			isa = XCBuildConfiguration;
			buildSettings = {
				ASSETCATALOG_COMPILER_APPICON_NAME = AppIcon;
				COMBINE_HIDPI_IMAGES = YES;
				GCC_PREFIX_HEADER = "$(SRCROOT)/ZZUIHelper/ZZPrefixHeader.pch";
				INFOPLIST_FILE = ZZUIHelper/Info.plist;
				LD_RUNPATH_SEARCH_PATHS = "$(inherited) @executable_path/../Frameworks";
				MACOSX_DEPLOYMENT_TARGET = 10.10;
				PRODUCT_BUNDLE_IDENTIFIER = com.58ganji.ZZUIHelper;
				PRODUCT_NAME = "$(TARGET_NAME)";
			};
			name = Debug;
		};
		C21789CD1E55D64500AF8BEE /* Release */ = {
			isa = XCBuildConfiguration;
			buildSettings = {
				ASSETCATALOG_COMPILER_APPICON_NAME = AppIcon;
				COMBINE_HIDPI_IMAGES = YES;
				GCC_PREFIX_HEADER = "$(SRCROOT)/ZZUIHelper/ZZPrefixHeader.pch";
				INFOPLIST_FILE = ZZUIHelper/Info.plist;
				LD_RUNPATH_SEARCH_PATHS = "$(inherited) @executable_path/../Frameworks";
				MACOSX_DEPLOYMENT_TARGET = 10.10;
				PRODUCT_BUNDLE_IDENTIFIER = com.58ganji.ZZUIHelper;
				PRODUCT_NAME = "$(TARGET_NAME)";
			};
			name = Release;
		};
/* End XCBuildConfiguration section */

/* Begin XCConfigurationList section */
		C21789B21E55D64500AF8BEE /* Build configuration list for PBXProject "ZZUIHelper" */ = {
			isa = XCConfigurationList;
			buildConfigurations = (
				C21789C91E55D64500AF8BEE /* Debug */,
				C21789CA1E55D64500AF8BEE /* Release */,
			);
			defaultConfigurationIsVisible = 0;
			defaultConfigurationName = Release;
		};
		C21789CB1E55D64500AF8BEE /* Build configuration list for PBXNativeTarget "ZZUIHelper" */ = {
			isa = XCConfigurationList;
			buildConfigurations = (
				C21789CC1E55D64500AF8BEE /* Debug */,
				C21789CD1E55D64500AF8BEE /* Release */,
			);
			defaultConfigurationIsVisible = 0;
			defaultConfigurationName = Release;
		};
/* End XCConfigurationList section */
	};
	rootObject = C21789AF1E55D64500AF8BEE /* Project object */;
}
